// !$*UTF8*$!
{
	archiveVersion = 1;
	classes = {
	};
	objectVersion = 46;
	objects = {

/* Begin PBXBuildFile section */
		C224E4A31A96AD0F003F5489 /* LaunchScreen.xib in Resources */ = {isa = PBXBuildFile; fileRef = C224E49F1A96AD0F003F5489 /* LaunchScreen.xib */; };
		C224E4A41A96AD0F003F5489 /* LaunchScreen.xib in Resources */ = {isa = PBXBuildFile; fileRef = C224E49F1A96AD0F003F5489 /* LaunchScreen.xib */; };
		C224E4A51A96AD0F003F5489 /* Main.storyboard in Resources */ = {isa = PBXBuildFile; fileRef = C224E4A11A96AD0F003F5489 /* Main.storyboard */; };
		C224E4A61A96AD0F003F5489 /* Main.storyboard in Resources */ = {isa = PBXBuildFile; fileRef = C224E4A11A96AD0F003F5489 /* Main.storyboard */; };
		C224E4AC1A96B073003F5489 /* AudioPlayer.m in Sources */ = {isa = PBXBuildFile; fileRef = C224E4AB1A96B073003F5489 /* AudioPlayer.m */; };
		C224E4AD1A96B073003F5489 /* AudioPlayer.m in Sources */ = {isa = PBXBuildFile; fileRef = C224E4AB1A96B073003F5489 /* AudioPlayer.m */; };
		C224E4AE1A96CF60003F5489 /* MusicViewController.m in Sources */ = {isa = PBXBuildFile; fileRef = C2716A951A93F2CF00758B17 /* MusicViewController.m */; };
		C2716A8D1A93F2CF00758B17 /* main.m in Sources */ = {isa = PBXBuildFile; fileRef = C2716A8C1A93F2CF00758B17 /* main.m */; };
		C2716A901A93F2CF00758B17 /* AppDelegate.m in Sources */ = {isa = PBXBuildFile; fileRef = C2716A8F1A93F2CF00758B17 /* AppDelegate.m */; };
		C2716A931A93F2CF00758B17 /* FirstViewController.m in Sources */ = {isa = PBXBuildFile; fileRef = C2716A921A93F2CF00758B17 /* FirstViewController.m */; };
		C2716A961A93F2CF00758B17 /* MusicViewController.m in Sources */ = {isa = PBXBuildFile; fileRef = C2716A951A93F2CF00758B17 /* MusicViewController.m */; };
		C2716A991A93F2CF00758B17 /* Main.storyboard in Resources */ = {isa = PBXBuildFile; fileRef = C2716A971A93F2CF00758B17 /* Main.storyboard */; };
		C2716A9B1A93F2CF00758B17 /* Images.xcassets in Resources */ = {isa = PBXBuildFile; fileRef = C2716A9A1A93F2CF00758B17 /* Images.xcassets */; };
		C2716A9E1A93F2CF00758B17 /* LaunchScreen.xib in Resources */ = {isa = PBXBuildFile; fileRef = C2716A9C1A93F2CF00758B17 /* LaunchScreen.xib */; };
		C2716AAA1A93F2CF00758B17 /* AndyrooTests.m in Sources */ = {isa = PBXBuildFile; fileRef = C2716AA91A93F2CF00758B17 /* AndyrooTests.m */; };
		C2716AC01A95286C00758B17 /* VideosViewController.m in Sources */ = {isa = PBXBuildFile; fileRef = C2716ABF1A95286C00758B17 /* VideosViewController.m */; };
		C2716AC11A95286C00758B17 /* VideosViewController.m in Sources */ = {isa = PBXBuildFile; fileRef = C2716ABF1A95286C00758B17 /* VideosViewController.m */; };
		C2C374211AB9CD5C0078CA3A /* Monkeys Bedazzling MP3.mp3 in Resources */ = {isa = PBXBuildFile; fileRef = C2C3741F1AB9CD5C0078CA3A /* Monkeys Bedazzling MP3.mp3 */; };
		C2C374221AB9CD5C0078CA3A /* Wizard Love MP3.mp3 in Resources */ = {isa = PBXBuildFile; fileRef = C2C374201AB9CD5C0078CA3A /* Wizard Love MP3.mp3 */; };
		C2E0A2341AA7C163009ACB15 /* Booster Buddy MP3.mp3 in Resources */ = {isa = PBXBuildFile; fileRef = C2E0A2331AA7C163009ACB15 /* Booster Buddy MP3.mp3 */; };
/* End PBXBuildFile section */

/* Begin PBXContainerItemProxy section */
		C2716AA41A93F2CF00758B17 /* PBXContainerItemProxy */ = {
			isa = PBXContainerItemProxy;
			containerPortal = C2716A7F1A93F2CF00758B17 /* Project object */;
			proxyType = 1;
			remoteGlobalIDString = C2716A861A93F2CF00758B17;
			remoteInfo = Andyroo;
		};
/* End PBXContainerItemProxy section */

/* Begin PBXFileReference section */
		C224E4A01A96AD0F003F5489 /* Base */ = {isa = PBXFileReference; lastKnownFileType = file.xib; name = Base; path = LaunchScreen.xib; sourceTree = "<group>"; };
		C224E4A21A96AD0F003F5489 /* Base */ = {isa = PBXFileReference; lastKnownFileType = file.storyboard; name = Base; path = Main.storyboard; sourceTree = "<group>"; };
		C224E4AA1A96AFEE003F5489 /* AudioPlayer.h */ = {isa = PBXFileReference; fileEncoding = 4; lastKnownFileType = sourcecode.c.h; path = AudioPlayer.h; sourceTree = "<group>"; };
		C224E4AB1A96B073003F5489 /* AudioPlayer.m */ = {isa = PBXFileReference; fileEncoding = 4; lastKnownFileType = sourcecode.c.objc; path = AudioPlayer.m; sourceTree = "<group>"; };
		C2716A871A93F2CF00758B17 /* Andyroo.app */ = {isa = PBXFileReference; explicitFileType = wrapper.application; includeInIndex = 0; path = Andyroo.app; sourceTree = BUILT_PRODUCTS_DIR; };
		C2716A8B1A93F2CF00758B17 /* Info.plist */ = {isa = PBXFileReference; lastKnownFileType = text.plist.xml; path = Info.plist; sourceTree = "<group>"; };
		C2716A8C1A93F2CF00758B17 /* main.m */ = {isa = PBXFileReference; lastKnownFileType = sourcecode.c.objc; path = main.m; sourceTree = "<group>"; };
		C2716A8E1A93F2CF00758B17 /* AppDelegate.h */ = {isa = PBXFileReference; lastKnownFileType = sourcecode.c.h; path = AppDelegate.h; sourceTree = "<group>"; };
		C2716A8F1A93F2CF00758B17 /* AppDelegate.m */ = {isa = PBXFileReference; lastKnownFileType = sourcecode.c.objc; path = AppDelegate.m; sourceTree = "<group>"; };
		C2716A911A93F2CF00758B17 /* FirstViewController.h */ = {isa = PBXFileReference; lastKnownFileType = sourcecode.c.h; path = FirstViewController.h; sourceTree = "<group>"; };
		C2716A921A93F2CF00758B17 /* FirstViewController.m */ = {isa = PBXFileReference; lastKnownFileType = sourcecode.c.objc; path = FirstViewController.m; sourceTree = "<group>"; };
		C2716A941A93F2CF00758B17 /* MusicViewController.h */ = {isa = PBXFileReference; lastKnownFileType = sourcecode.c.h; path = MusicViewController.h; sourceTree = "<group>"; };
		C2716A951A93F2CF00758B17 /* MusicViewController.m */ = {isa = PBXFileReference; lastKnownFileType = sourcecode.c.objc; path = MusicViewController.m; sourceTree = "<group>"; };
		C2716A981A93F2CF00758B17 /* Base */ = {isa = PBXFileReference; lastKnownFileType = file.storyboard; name = Base; path = Base.lproj/Main.storyboard; sourceTree = "<group>"; };
		C2716A9A1A93F2CF00758B17 /* Images.xcassets */ = {isa = PBXFileReference; lastKnownFileType = folder.assetcatalog; path = Images.xcassets; sourceTree = "<group>"; };
		C2716A9D1A93F2CF00758B17 /* Base */ = {isa = PBXFileReference; lastKnownFileType = file.xib; name = Base; path = Base.lproj/LaunchScreen.xib; sourceTree = "<group>"; };
		C2716AA31A93F2CF00758B17 /* AndyrooTests.xctest */ = {isa = PBXFileReference; explicitFileType = wrapper.cfbundle; includeInIndex = 0; path = AndyrooTests.xctest; sourceTree = BUILT_PRODUCTS_DIR; };
		C2716AA81A93F2CF00758B17 /* Info.plist */ = {isa = PBXFileReference; lastKnownFileType = text.plist.xml; path = Info.plist; sourceTree = "<group>"; };
		C2716AA91A93F2CF00758B17 /* AndyrooTests.m */ = {isa = PBXFileReference; lastKnownFileType = sourcecode.c.objc; path = AndyrooTests.m; sourceTree = "<group>"; };
		C2716ABF1A95286C00758B17 /* VideosViewController.m */ = {isa = PBXFileReference; fileEncoding = 4; lastKnownFileType = sourcecode.c.objc; path = VideosViewController.m; sourceTree = "<group>"; };
		C2716AC21A95289400758B17 /* VideosViewController.h */ = {isa = PBXFileReference; fileEncoding = 4; lastKnownFileType = sourcecode.c.h; path = VideosViewController.h; sourceTree = "<group>"; };
		C2C3741F1AB9CD5C0078CA3A /* Monkeys Bedazzling MP3.mp3 */ = {isa = PBXFileReference; lastKnownFileType = audio.mp3; path = "Monkeys Bedazzling MP3.mp3"; sourceTree = "<group>"; };
		C2C374201AB9CD5C0078CA3A /* Wizard Love MP3.mp3 */ = {isa = PBXFileReference; lastKnownFileType = audio.mp3; path = "Wizard Love MP3.mp3"; sourceTree = "<group>"; };
		C2E0A2331AA7C163009ACB15 /* Booster Buddy MP3.mp3 */ = {isa = PBXFileReference; lastKnownFileType = audio.mp3; path = "Booster Buddy MP3.mp3"; sourceTree = "<group>"; };
/* End PBXFileReference section */

/* Begin PBXFrameworksBuildPhase section */
		C2716A841A93F2CF00758B17 /* Frameworks */ = {
			isa = PBXFrameworksBuildPhase;
			buildActionMask = 2147483647;
			files = (
			);
			runOnlyForDeploymentPostprocessing = 0;
		};
		C2716AA01A93F2CF00758B17 /* Frameworks */ = {
			isa = PBXFrameworksBuildPhase;
			buildActionMask = 2147483647;
			files = (
			);
			runOnlyForDeploymentPostprocessing = 0;
		};
/* End PBXFrameworksBuildPhase section */

/* Begin PBXGroup section */
		C224E49E1A96AD0F003F5489 /* Base.lproj */ = {
			isa = PBXGroup;
			children = (
				C224E49F1A96AD0F003F5489 /* LaunchScreen.xib */,
				C224E4A11A96AD0F003F5489 /* Main.storyboard */,
			);
			path = Base.lproj;
			sourceTree = "<group>";
		};
		C2716A7E1A93F2CF00758B17 = {
			isa = PBXGroup;
			children = (
				C2716A891A93F2CF00758B17 /* Andyroo */,
				C2716AA61A93F2CF00758B17 /* AndyrooTests */,
				C2716A881A93F2CF00758B17 /* Products */,
			);
			sourceTree = "<group>";
		};
		C2716A881A93F2CF00758B17 /* Products */ = {
			isa = PBXGroup;
			children = (
				C2716A871A93F2CF00758B17 /* Andyroo.app */,
				C2716AA31A93F2CF00758B17 /* AndyrooTests.xctest */,
			);
			name = Products;
			sourceTree = "<group>";
		};
		C2716A891A93F2CF00758B17 /* Andyroo */ = {
			isa = PBXGroup;
			children = (
				C224E49E1A96AD0F003F5489 /* Base.lproj */,
				C2716A8E1A93F2CF00758B17 /* AppDelegate.h */,
				C2716A8F1A93F2CF00758B17 /* AppDelegate.m */,
				C2716A911A93F2CF00758B17 /* FirstViewController.h */,
				C2716A921A93F2CF00758B17 /* FirstViewController.m */,
				C2716A941A93F2CF00758B17 /* MusicViewController.h */,
				C2716A951A93F2CF00758B17 /* MusicViewController.m */,
				C2716AC21A95289400758B17 /* VideosViewController.h */,
				C2716ABF1A95286C00758B17 /* VideosViewController.m */,
				C2716A971A93F2CF00758B17 /* Main.storyboard */,
				C2716A9A1A93F2CF00758B17 /* Images.xcassets */,
				C2716A9C1A93F2CF00758B17 /* LaunchScreen.xib */,
				C2716A8A1A93F2CF00758B17 /* Supporting Files */,
				C224E4AA1A96AFEE003F5489 /* AudioPlayer.h */,
				C224E4AB1A96B073003F5489 /* AudioPlayer.m */,
			);
			path = Andyroo;
			sourceTree = "<group>";
		};
		C2716A8A1A93F2CF00758B17 /* Supporting Files */ = {
			isa = PBXGroup;
			children = (
				C2C3741F1AB9CD5C0078CA3A /* Monkeys Bedazzling MP3.mp3 */,
				C2C374201AB9CD5C0078CA3A /* Wizard Love MP3.mp3 */,
				C2E0A2331AA7C163009ACB15 /* Booster Buddy MP3.mp3 */,
				C2716A8B1A93F2CF00758B17 /* Info.plist */,
				C2716A8C1A93F2CF00758B17 /* main.m */,
			);
			name = "Supporting Files";
			sourceTree = "<group>";
		};
		C2716AA61A93F2CF00758B17 /* AndyrooTests */ = {
			isa = PBXGroup;
			children = (
				C2716AA91A93F2CF00758B17 /* AndyrooTests.m */,
				C2716AA71A93F2CF00758B17 /* Supporting Files */,
			);
			path = AndyrooTests;
			sourceTree = "<group>";
		};
		C2716AA71A93F2CF00758B17 /* Supporting Files */ = {
			isa = PBXGroup;
			children = (
				C2716AA81A93F2CF00758B17 /* Info.plist */,
			);
			name = "Supporting Files";
			sourceTree = "<group>";
		};
/* End PBXGroup section */

/* Begin PBXNativeTarget section */
		C2716A861A93F2CF00758B17 /* Andyroo */ = {
			isa = PBXNativeTarget;
			buildConfigurationList = C2716AAD1A93F2CF00758B17 /* Build configuration list for PBXNativeTarget "Andyroo" */;
			buildPhases = (
				C2716A831A93F2CF00758B17 /* Sources */,
				C2716A841A93F2CF00758B17 /* Frameworks */,
				C2716A851A93F2CF00758B17 /* Resources */,
			);
			buildRules = (
			);
			dependencies = (
			);
			name = Andyroo;
			productName = Andyroo;
			productReference = C2716A871A93F2CF00758B17 /* Andyroo.app */;
			productType = "com.apple.product-type.application";
		};
		C2716AA21A93F2CF00758B17 /* AndyrooTests */ = {
			isa = PBXNativeTarget;
			buildConfigurationList = C2716AB01A93F2CF00758B17 /* Build configuration list for PBXNativeTarget "AndyrooTests" */;
			buildPhases = (
				C2716A9F1A93F2CF00758B17 /* Sources */,
				C2716AA01A93F2CF00758B17 /* Frameworks */,
				C2716AA11A93F2CF00758B17 /* Resources */,
			);
			buildRules = (
			);
			dependencies = (
				C2716AA51A93F2CF00758B17 /* PBXTargetDependency */,
			);
			name = AndyrooTests;
			productName = AndyrooTests;
			productReference = C2716AA31A93F2CF00758B17 /* AndyrooTests.xctest */;
			productType = "com.apple.product-type.bundle.unit-test";
		};
/* End PBXNativeTarget section */

/* Begin PBXProject section */
		C2716A7F1A93F2CF00758B17 /* Project object */ = {
			isa = PBXProject;
			attributes = {
				LastUpgradeCheck = 0610;
				ORGANIZATIONNAME = Andyroo;
				TargetAttributes = {
					C2716A861A93F2CF00758B17 = {
						CreatedOnToolsVersion = 6.1.1;
					};
					C2716AA21A93F2CF00758B17 = {
						CreatedOnToolsVersion = 6.1.1;
						TestTargetID = C2716A861A93F2CF00758B17;
					};
				};
			};
			buildConfigurationList = C2716A821A93F2CF00758B17 /* Build configuration list for PBXProject "Andyroo" */;
			compatibilityVersion = "Xcode 3.2";
			developmentRegion = English;
			hasScannedForEncodings = 0;
			knownRegions = (
				en,
				Base,
			);
			mainGroup = C2716A7E1A93F2CF00758B17;
			productRefGroup = C2716A881A93F2CF00758B17 /* Products */;
			projectDirPath = "";
			projectRoot = "";
			targets = (
				C2716A861A93F2CF00758B17 /* Andyroo */,
				C2716AA21A93F2CF00758B17 /* AndyrooTests */,
			);
		};
/* End PBXProject section */

/* Begin PBXResourcesBuildPhase section */
		C2716A851A93F2CF00758B17 /* Resources */ = {
			isa = PBXResourcesBuildPhase;
			buildActionMask = 2147483647;
			files = (
				C2C374221AB9CD5C0078CA3A /* Wizard Love MP3.mp3 in Resources */,
				C224E4A51A96AD0F003F5489 /* Main.storyboard in Resources */,
				C2716A991A93F2CF00758B17 /* Main.storyboard in Resources */,
				C2716A9E1A93F2CF00758B17 /* LaunchScreen.xib in Resources */,
				C224E4A31A96AD0F003F5489 /* LaunchScreen.xib in Resources */,
				C2C374211AB9CD5C0078CA3A /* Monkeys Bedazzling MP3.mp3 in Resources */,
				C2716A9B1A93F2CF00758B17 /* Images.xcassets in Resources */,
				C2E0A2341AA7C163009ACB15 /* Booster Buddy MP3.mp3 in Resources */,
			);
			runOnlyForDeploymentPostprocessing = 0;
		};
		C2716AA11A93F2CF00758B17 /* Resources */ = {
			isa = PBXResourcesBuildPhase;
			buildActionMask = 2147483647;
			files = (
				C224E4A41A96AD0F003F5489 /* LaunchScreen.xib in Resources */,
				C224E4A61A96AD0F003F5489 /* Main.storyboard in Resources */,
			);
			runOnlyForDeploymentPostprocessing = 0;
		};
/* End PBXResourcesBuildPhase section */

/* Begin PBXSourcesBuildPhase section */
		C2716A831A93F2CF00758B17 /* Sources */ = {
			isa = PBXSourcesBuildPhase;
			buildActionMask = 2147483647;
			files = (
				C2716A961A93F2CF00758B17 /* MusicViewController.m in Sources */,
				C224E4AC1A96B073003F5489 /* AudioPlayer.m in Sources */,
				C2716A901A93F2CF00758B17 /* AppDelegate.m in Sources */,
				C2716A931A93F2CF00758B17 /* FirstViewController.m in Sources */,
				C2716A8D1A93F2CF00758B17 /* main.m in Sources */,
				C2716AC01A95286C00758B17 /* VideosViewController.m in Sources */,
			);
			runOnlyForDeploymentPostprocessing = 0;
		};
		C2716A9F1A93F2CF00758B17 /* Sources */ = {
			isa = PBXSourcesBuildPhase;
			buildActionMask = 2147483647;
			files = (
				C224E4AE1A96CF60003F5489 /* MusicViewController.m in Sources */,
				C2716AC11A95286C00758B17 /* VideosViewController.m in Sources */,
				C224E4AD1A96B073003F5489 /* AudioPlayer.m in Sources */,
				C2716AAA1A93F2CF00758B17 /* AndyrooTests.m in Sources */,
			);
			runOnlyForDeploymentPostprocessing = 0;
		};
/* End PBXSourcesBuildPhase section */

/* Begin PBXTargetDependency section */
		C2716AA51A93F2CF00758B17 /* PBXTargetDependency */ = {
			isa = PBXTargetDependency;
			target = C2716A861A93F2CF00758B17 /* Andyroo */;
			targetProxy = C2716AA41A93F2CF00758B17 /* PBXContainerItemProxy */;
		};
/* End PBXTargetDependency section */

/* Begin PBXVariantGroup section */
		C224E49F1A96AD0F003F5489 /* LaunchScreen.xib */ = {
			isa = PBXVariantGroup;
			children = (
				C224E4A01A96AD0F003F5489 /* Base */,
			);
			name = LaunchScreen.xib;
			sourceTree = "<group>";
		};
		C224E4A11A96AD0F003F5489 /* Main.storyboard */ = {
			isa = PBXVariantGroup;
			children = (
				C224E4A21A96AD0F003F5489 /* Base */,
			);
			name = Main.storyboard;
			sourceTree = "<group>";
		};
		C2716A971A93F2CF00758B17 /* Main.storyboard */ = {
			isa = PBXVariantGroup;
			children = (
				C2716A981A93F2CF00758B17 /* Base */,
			);
			name = Main.storyboard;
			sourceTree = "<group>";
		};
		C2716A9C1A93F2CF00758B17 /* LaunchScreen.xib */ = {
			isa = PBXVariantGroup;
			children = (
				C2716A9D1A93F2CF00758B17 /* Base */,
			);
			name = LaunchScreen.xib;
			sourceTree = "<group>";
		};
/* End PBXVariantGroup section */

/* Begin XCBuildConfiguration section */
		C2716AAB1A93F2CF00758B17 /* Debug */ = {
			isa = XCBuildConfiguration;
			buildSettings = {
				ALWAYS_SEARCH_USER_PATHS = NO;
				CLANG_CXX_LANGUAGE_STANDARD = "gnu++0x";
				CLANG_CXX_LIBRARY = "libc++";
				CLANG_ENABLE_MODULES = YES;
				CLANG_ENABLE_OBJC_ARC = YES;
				CLANG_WARN_BOOL_CONVERSION = YES;
				CLANG_WARN_CONSTANT_CONVERSION = YES;
				CLANG_WARN_DIRECT_OBJC_ISA_USAGE = YES_ERROR;
				CLANG_WARN_EMPTY_BODY = YES;
				CLANG_WARN_ENUM_CONVERSION = YES;
				CLANG_WARN_INT_CONVERSION = YES;
				CLANG_WARN_OBJC_ROOT_CLASS = YES_ERROR;
				CLANG_WARN_UNREACHABLE_CODE = YES;
				CLANG_WARN__DUPLICATE_METHOD_MATCH = YES;
				"CODE_SIGN_IDENTITY[sdk=iphoneos*]" = "iPhone Developer";
				COPY_PHASE_STRIP = NO;
				ENABLE_STRICT_OBJC_MSGSEND = YES;
				GCC_C_LANGUAGE_STANDARD = gnu99;
				GCC_DYNAMIC_NO_PIC = NO;
				GCC_OPTIMIZATION_LEVEL = 0;
				GCC_PREPROCESSOR_DEFINITIONS = (
					"DEBUG=1",
					"$(inherited)",
				);
				GCC_SYMBOLS_PRIVATE_EXTERN = NO;
				GCC_WARN_64_TO_32_BIT_CONVERSION = YES;
				GCC_WARN_ABOUT_RETURN_TYPE = YES_ERROR;
				GCC_WARN_UNDECLARED_SELECTOR = YES;
				GCC_WARN_UNINITIALIZED_AUTOS = YES_AGGRESSIVE;
				GCC_WARN_UNUSED_FUNCTION = YES;
				GCC_WARN_UNUSED_VARIABLE = YES;
				IPHONEOS_DEPLOYMENT_TARGET = 8.1;
				MTL_ENABLE_DEBUG_INFO = YES;
				ONLY_ACTIVE_ARCH = YES;
				SDKROOT = iphoneos;
				TARGETED_DEVICE_FAMILY = "1,2";
			};
			name = Debug;
		};
		C2716AAC1A93F2CF00758B17 /* Release */ = {
			isa = XCBuildConfiguration;
			buildSettings = {
				ALWAYS_SEARCH_USER_PATHS = NO;
				CLANG_CXX_LANGUAGE_STANDARD = "gnu++0x";
				CLANG_CXX_LIBRARY = "libc++";
				CLANG_ENABLE_MODULES = YES;
				CLANG_ENABLE_OBJC_ARC = YES;
				CLANG_WARN_BOOL_CONVERSION = YES;
				CLANG_WARN_CONSTANT_CONVERSION = YES;
				CLANG_WARN_DIRECT_OBJC_ISA_USAGE = YES_ERROR;
				CLANG_WARN_EMPTY_BODY = YES;
				CLANG_WARN_ENUM_CONVERSION = YES;
				CLANG_WARN_INT_CONVERSION = YES;
				CLANG_WARN_OBJC_ROOT_CLASS = YES_ERROR;
				CLANG_WARN_UNREACHABLE_CODE = YES;
				CLANG_WARN__DUPLICATE_METHOD_MATCH = YES;
				"CODE_SIGN_IDENTITY[sdk=iphoneos*]" = "iPhone Developer";
				COPY_PHASE_STRIP = YES;
				ENABLE_NS_ASSERTIONS = NO;
				ENABLE_STRICT_OBJC_MSGSEND = YES;
				GCC_C_LANGUAGE_STANDARD = gnu99;
				GCC_WARN_64_TO_32_BIT_CONVERSION = YES;
				GCC_WARN_ABOUT_RETURN_TYPE = YES_ERROR;
				GCC_WARN_UNDECLARED_SELECTOR = YES;
				GCC_WARN_UNINITIALIZED_AUTOS = YES_AGGRESSIVE;
				GCC_WARN_UNUSED_FUNCTION = YES;
				GCC_WARN_UNUSED_VARIABLE = YES;
				IPHONEOS_DEPLOYMENT_TARGET = 8.1;
				MTL_ENABLE_DEBUG_INFO = NO;
				SDKROOT = iphoneos;
				TARGETED_DEVICE_FAMILY = "1,2";
				VALIDATE_PRODUCT = YES;
			};
			name = Release;
		};
		C2716AAE1A93F2CF00758B17 /* Debug */ = {
			isa = XCBuildConfiguration;
			buildSettings = {
				ASSETCATALOG_COMPILER_APPICON_NAME = AppIcon;
				INFOPLIST_FILE = Andyroo/Info.plist;
				LD_RUNPATH_SEARCH_PATHS = "$(inherited) @executable_path/Frameworks";
				PRODUCT_NAME = "$(TARGET_NAME)";
			};
			name = Debug;
		};
		C2716AAF1A93F2CF00758B17 /* Release */ = {
			isa = XCBuildConfiguration;
			buildSettings = {
				ASSETCATALOG_COMPILER_APPICON_NAME = AppIcon;
				INFOPLIST_FILE = Andyroo/Info.plist;
				LD_RUNPATH_SEARCH_PATHS = "$(inherited) @executable_path/Frameworks";
				PRODUCT_NAME = "$(TARGET_NAME)";
			};
			name = Release;
		};
		C2716AB11A93F2CF00758B17 /* Debug */ = {
			isa = XCBuildConfiguration;
			buildSettings = {
				BUNDLE_LOADER = "$(TEST_HOST)";
				FRAMEWORK_SEARCH_PATHS = (
					"$(SDKROOT)/Developer/Library/Frameworks",
					"$(inherited)",
				);
				GCC_PREPROCESSOR_DEFINITIONS = (
					"DEBUG=1",
					"$(inherited)",
				);
				INFOPLIST_FILE = AndyrooTests/Info.plist;
				LD_RUNPATH_SEARCH_PATHS = "$(inherited) @executable_path/Frameworks @loader_path/Frameworks";
				PRODUCT_NAME = "$(TARGET_NAME)";
				TEST_HOST = "$(BUILT_PRODUCTS_DIR)/Andyroo.app/Andyroo";
			};
			name = Debug;
		};
		C2716AB21A93F2CF00758B17 /* Release */ = {
			isa = XCBuildConfiguration;
			buildSettings = {
				BUNDLE_LOADER = "$(TEST_HOST)";
				FRAMEWORK_SEARCH_PATHS = (
					"$(SDKROOT)/Developer/Library/Frameworks",
					"$(inherited)",
				);
				INFOPLIST_FILE = AndyrooTests/Info.plist;
				LD_RUNPATH_SEARCH_PATHS = "$(inherited) @executable_path/Frameworks @loader_path/Frameworks";
				PRODUCT_NAME = "$(TARGET_NAME)";
				TEST_HOST = "$(BUILT_PRODUCTS_DIR)/Andyroo.app/Andyroo";
			};
			name = Release;
		};
/* End XCBuildConfiguration section */

/* Begin XCConfigurationList section */
		C2716A821A93F2CF00758B17 /* Build configuration list for PBXProject "Andyroo" */ = {
			isa = XCConfigurationList;
			buildConfigurations = (
				C2716AAB1A93F2CF00758B17 /* Debug */,
				C2716AAC1A93F2CF00758B17 /* Release */,
			);
			defaultConfigurationIsVisible = 0;
			defaultConfigurationName = Release;
		};
		C2716AAD1A93F2CF00758B17 /* Build configuration list for PBXNativeTarget "Andyroo" */ = {
			isa = XCConfigurationList;
			buildConfigurations = (
				C2716AAE1A93F2CF00758B17 /* Debug */,
				C2716AAF1A93F2CF00758B17 /* Release */,
			);
			defaultConfigurationIsVisible = 0;
			defaultConfigurationName = Release;
		};
		C2716AB01A93F2CF00758B17 /* Build configuration list for PBXNativeTarget "AndyrooTests" */ = {
			isa = XCConfigurationList;
			buildConfigurations = (
				C2716AB11A93F2CF00758B17 /* Debug */,
				C2716AB21A93F2CF00758B17 /* Release */,
			);
			defaultConfigurationIsVisible = 0;
			defaultConfigurationName = Release;
		};
/* End XCConfigurationList section */
	};
	rootObject = C2716A7F1A93F2CF00758B17 /* Project object */;
}
